// !$*UTF8*$!
{
	archiveVersion = 1;
	classes = {
	};
	objectVersion = 46;
	objects = {

/* Begin PBXBuildFile section */
		8B38382F1DFC4EB20068642D /* AppDelegate.swift in Sources */ = {isa = PBXBuildFile; fileRef = 8B38382E1DFC4EB20068642D /* AppDelegate.swift */; };
		8B3838311DFC4EB20068642D /* ViewController.swift in Sources */ = {isa = PBXBuildFile; fileRef = 8B3838301DFC4EB20068642D /* ViewController.swift */; };
		8B3838341DFC4EB20068642D /* Main.storyboard in Resources */ = {isa = PBXBuildFile; fileRef = 8B3838321DFC4EB20068642D /* Main.storyboard */; };
		8B3838361DFC4EB20068642D /* Assets.xcassets in Resources */ = {isa = PBXBuildFile; fileRef = 8B3838351DFC4EB20068642D /* Assets.xcassets */; };
		8B3838391DFC4EB20068642D /* LaunchScreen.storyboard in Resources */ = {isa = PBXBuildFile; fileRef = 8B3838371DFC4EB20068642D /* LaunchScreen.storyboard */; };
		8B38384F1DFC5B6E0068642D /* MenuViewController.swift in Sources */ = {isa = PBXBuildFile; fileRef = 8B38384E1DFC5B6E0068642D /* MenuViewController.swift */; };
		8B3838501DFC5B6E0068642D /* MenuViewController.swift in Sources */ = {isa = PBXBuildFile; fileRef = 8B38384E1DFC5B6E0068642D /* MenuViewController.swift */; };
		8B3838521DFC5ED10068642D /* MenuViewModel.swift in Sources */ = {isa = PBXBuildFile; fileRef = 8B3838511DFC5ED10068642D /* MenuViewModel.swift */; };
		8B3838531DFC5ED10068642D /* MenuViewModel.swift in Sources */ = {isa = PBXBuildFile; fileRef = 8B3838511DFC5ED10068642D /* MenuViewModel.swift */; };
		8B3838551DFDE9980068642D /* Service.swift in Sources */ = {isa = PBXBuildFile; fileRef = 8B3838541DFDE9980068642D /* Service.swift */; };
		8B3838561DFDE9980068642D /* Service.swift in Sources */ = {isa = PBXBuildFile; fileRef = 8B3838541DFDE9980068642D /* Service.swift */; };
		8B3838581DFEBC790068642D /* MenuItem.swift in Sources */ = {isa = PBXBuildFile; fileRef = 8B3838571DFEBC790068642D /* MenuItem.swift */; };
		8B3838591DFEBC790068642D /* MenuItem.swift in Sources */ = {isa = PBXBuildFile; fileRef = 8B3838571DFEBC790068642D /* MenuItem.swift */; };
		8BF3D3D21DFF06F60077CB29 /* MenuItemTests.swift in Sources */ = {isa = PBXBuildFile; fileRef = 8BF3D3D11DFF06F60077CB29 /* MenuItemTests.swift */; };
		8BF64FB01DFF23F00036E282 /* MenuViewModelTests.swift in Sources */ = {isa = PBXBuildFile; fileRef = 8BF64FAE1DFF23F00036E282 /* MenuViewModelTests.swift */; };
		8BF64FB11DFF23F00036E282 /* ServiceTests.swift in Sources */ = {isa = PBXBuildFile; fileRef = 8BF64FAF1DFF23F00036E282 /* ServiceTests.swift */; };
/* End PBXBuildFile section */

/* Begin PBXContainerItemProxy section */
		8B3838401DFC4EB20068642D /* PBXContainerItemProxy */ = {
			isa = PBXContainerItemProxy;
			containerPortal = 8B3838231DFC4EB20068642D /* Project object */;
			proxyType = 1;
			remoteGlobalIDString = 8B38382A1DFC4EB20068642D;
			remoteInfo = OttoCodingChallenge;
		};
/* End PBXContainerItemProxy section */

/* Begin PBXFileReference section */
		8B38382B1DFC4EB20068642D /* OttoCodingChallenge.app */ = {isa = PBXFileReference; explicitFileType = wrapper.application; includeInIndex = 0; path = OttoCodingChallenge.app; sourceTree = BUILT_PRODUCTS_DIR; };
		8B38382E1DFC4EB20068642D /* AppDelegate.swift */ = {isa = PBXFileReference; lastKnownFileType = sourcecode.swift; path = AppDelegate.swift; sourceTree = "<group>"; };
		8B3838301DFC4EB20068642D /* ViewController.swift */ = {isa = PBXFileReference; lastKnownFileType = sourcecode.swift; path = ViewController.swift; sourceTree = "<group>"; };
		8B3838331DFC4EB20068642D /* Base */ = {isa = PBXFileReference; lastKnownFileType = file.storyboard; name = Base; path = Base.lproj/Main.storyboard; sourceTree = "<group>"; };
		8B3838351DFC4EB20068642D /* Assets.xcassets */ = {isa = PBXFileReference; lastKnownFileType = folder.assetcatalog; path = Assets.xcassets; sourceTree = "<group>"; };
		8B3838381DFC4EB20068642D /* Base */ = {isa = PBXFileReference; lastKnownFileType = file.storyboard; name = Base; path = Base.lproj/LaunchScreen.storyboard; sourceTree = "<group>"; };
		8B38383A1DFC4EB20068642D /* Info.plist */ = {isa = PBXFileReference; lastKnownFileType = text.plist.xml; path = Info.plist; sourceTree = "<group>"; };
		8B38383F1DFC4EB20068642D /* OttoCodingChallengeTests.xctest */ = {isa = PBXFileReference; explicitFileType = wrapper.cfbundle; includeInIndex = 0; path = OttoCodingChallengeTests.xctest; sourceTree = BUILT_PRODUCTS_DIR; };
		8B3838451DFC4EB20068642D /* Info.plist */ = {isa = PBXFileReference; lastKnownFileType = text.plist.xml; path = Info.plist; sourceTree = "<group>"; };
		8B38384E1DFC5B6E0068642D /* MenuViewController.swift */ = {isa = PBXFileReference; fileEncoding = 4; lastKnownFileType = sourcecode.swift; path = MenuViewController.swift; sourceTree = "<group>"; };
		8B3838511DFC5ED10068642D /* MenuViewModel.swift */ = {isa = PBXFileReference; fileEncoding = 4; lastKnownFileType = sourcecode.swift; path = MenuViewModel.swift; sourceTree = "<group>"; };
		8B3838541DFDE9980068642D /* Service.swift */ = {isa = PBXFileReference; fileEncoding = 4; lastKnownFileType = sourcecode.swift; path = Service.swift; sourceTree = "<group>"; };
		8B3838571DFEBC790068642D /* MenuItem.swift */ = {isa = PBXFileReference; fileEncoding = 4; lastKnownFileType = sourcecode.swift; path = MenuItem.swift; sourceTree = "<group>"; };
		8BF3D3D11DFF06F60077CB29 /* MenuItemTests.swift */ = {isa = PBXFileReference; fileEncoding = 4; lastKnownFileType = sourcecode.swift; path = MenuItemTests.swift; sourceTree = "<group>"; };
		8BF64FAE1DFF23F00036E282 /* MenuViewModelTests.swift */ = {isa = PBXFileReference; fileEncoding = 4; lastKnownFileType = sourcecode.swift; path = MenuViewModelTests.swift; sourceTree = "<group>"; };
		8BF64FAF1DFF23F00036E282 /* ServiceTests.swift */ = {isa = PBXFileReference; fileEncoding = 4; lastKnownFileType = sourcecode.swift; path = ServiceTests.swift; sourceTree = "<group>"; };
/* End PBXFileReference section */

/* Begin PBXFrameworksBuildPhase section */
		8B3838281DFC4EB20068642D /* Frameworks */ = {
			isa = PBXFrameworksBuildPhase;
			buildActionMask = 2147483647;
			files = (
			);
			runOnlyForDeploymentPostprocessing = 0;
		};
		8B38383C1DFC4EB20068642D /* Frameworks */ = {
			isa = PBXFrameworksBuildPhase;
			buildActionMask = 2147483647;
			files = (
			);
			runOnlyForDeploymentPostprocessing = 0;
		};
/* End PBXFrameworksBuildPhase section */

/* Begin PBXGroup section */
		8B3838221DFC4EB20068642D = {
			isa = PBXGroup;
			children = (
				8B38382D1DFC4EB20068642D /* OttoCodingChallenge */,
				8B3838421DFC4EB20068642D /* OttoCodingChallengeTests */,
				8B38382C1DFC4EB20068642D /* Products */,
			);
			sourceTree = "<group>";
		};
		8B38382C1DFC4EB20068642D /* Products */ = {
			isa = PBXGroup;
			children = (
				8B38382B1DFC4EB20068642D /* OttoCodingChallenge.app */,
				8B38383F1DFC4EB20068642D /* OttoCodingChallengeTests.xctest */,
			);
			name = Products;
			sourceTree = "<group>";
		};
		8B38382D1DFC4EB20068642D /* OttoCodingChallenge */ = {
			isa = PBXGroup;
			children = (
				8B38382E1DFC4EB20068642D /* AppDelegate.swift */,
				8B3838301DFC4EB20068642D /* ViewController.swift */,
				8B38384E1DFC5B6E0068642D /* MenuViewController.swift */,
				8B3838511DFC5ED10068642D /* MenuViewModel.swift */,
				8B3838571DFEBC790068642D /* MenuItem.swift */,
				8B3838541DFDE9980068642D /* Service.swift */,
				8B3838321DFC4EB20068642D /* Main.storyboard */,
				8B3838351DFC4EB20068642D /* Assets.xcassets */,
				8B3838371DFC4EB20068642D /* LaunchScreen.storyboard */,
				8B38383A1DFC4EB20068642D /* Info.plist */,
			);
			path = OttoCodingChallenge;
			sourceTree = "<group>";
		};
		8B3838421DFC4EB20068642D /* OttoCodingChallengeTests */ = {
			isa = PBXGroup;
			children = (
				8BF64FAE1DFF23F00036E282 /* MenuViewModelTests.swift */,
				8BF64FAF1DFF23F00036E282 /* ServiceTests.swift */,
				8BF3D3D11DFF06F60077CB29 /* MenuItemTests.swift */,
				8B3838451DFC4EB20068642D /* Info.plist */,
			);
			path = OttoCodingChallengeTests;
			sourceTree = "<group>";
		};
/* End PBXGroup section */

/* Begin PBXNativeTarget section */
		8B38382A1DFC4EB20068642D /* OttoCodingChallenge */ = {
			isa = PBXNativeTarget;
			buildConfigurationList = 8B3838481DFC4EB20068642D /* Build configuration list for PBXNativeTarget "OttoCodingChallenge" */;
			buildPhases = (
				8B3838271DFC4EB20068642D /* Sources */,
				8B3838281DFC4EB20068642D /* Frameworks */,
				8B3838291DFC4EB20068642D /* Resources */,
			);
			buildRules = (
			);
			dependencies = (
			);
			name = OttoCodingChallenge;
			productName = OttoCodingChallenge;
			productReference = 8B38382B1DFC4EB20068642D /* OttoCodingChallenge.app */;
			productType = "com.apple.product-type.application";
		};
		8B38383E1DFC4EB20068642D /* OttoCodingChallengeTests */ = {
			isa = PBXNativeTarget;
			buildConfigurationList = 8B38384B1DFC4EB20068642D /* Build configuration list for PBXNativeTarget "OttoCodingChallengeTests" */;
			buildPhases = (
				8B38383B1DFC4EB20068642D /* Sources */,
				8B38383C1DFC4EB20068642D /* Frameworks */,
				8B38383D1DFC4EB20068642D /* Resources */,
			);
			buildRules = (
			);
			dependencies = (
				8B3838411DFC4EB20068642D /* PBXTargetDependency */,
			);
			name = OttoCodingChallengeTests;
			productName = OttoCodingChallengeTests;
			productReference = 8B38383F1DFC4EB20068642D /* OttoCodingChallengeTests.xctest */;
			productType = "com.apple.product-type.bundle.unit-test";
		};
/* End PBXNativeTarget section */

/* Begin PBXProject section */
		8B3838231DFC4EB20068642D /* Project object */ = {
			isa = PBXProject;
			attributes = {
				LastSwiftUpdateCheck = 0810;
				LastUpgradeCheck = 0810;
				ORGANIZATIONNAME = "Andre Hoffmann";
				TargetAttributes = {
					8B38382A1DFC4EB20068642D = {
						CreatedOnToolsVersion = 8.1;
						DevelopmentTeam = BJA7SA672K;
						ProvisioningStyle = Automatic;
					};
					8B38383E1DFC4EB20068642D = {
						CreatedOnToolsVersion = 8.1;
						DevelopmentTeam = BJA7SA672K;
						ProvisioningStyle = Automatic;
						TestTargetID = 8B38382A1DFC4EB20068642D;
					};
				};
			};
			buildConfigurationList = 8B3838261DFC4EB20068642D /* Build configuration list for PBXProject "OttoCodingChallenge" */;
			compatibilityVersion = "Xcode 3.2";
			developmentRegion = English;
			hasScannedForEncodings = 0;
			knownRegions = (
				en,
				Base,
			);
			mainGroup = 8B3838221DFC4EB20068642D;
			productRefGroup = 8B38382C1DFC4EB20068642D /* Products */;
			projectDirPath = "";
			projectRoot = "";
			targets = (
				8B38382A1DFC4EB20068642D /* OttoCodingChallenge */,
				8B38383E1DFC4EB20068642D /* OttoCodingChallengeTests */,
			);
		};
/* End PBXProject section */

/* Begin PBXResourcesBuildPhase section */
		8B3838291DFC4EB20068642D /* Resources */ = {
			isa = PBXResourcesBuildPhase;
			buildActionMask = 2147483647;
			files = (
				8B3838391DFC4EB20068642D /* LaunchScreen.storyboard in Resources */,
				8B3838361DFC4EB20068642D /* Assets.xcassets in Resources */,
				8B3838341DFC4EB20068642D /* Main.storyboard in Resources */,
			);
			runOnlyForDeploymentPostprocessing = 0;
		};
		8B38383D1DFC4EB20068642D /* Resources */ = {
			isa = PBXResourcesBuildPhase;
			buildActionMask = 2147483647;
			files = (
			);
			runOnlyForDeploymentPostprocessing = 0;
		};
/* End PBXResourcesBuildPhase section */

/* Begin PBXSourcesBuildPhase section */
		8B3838271DFC4EB20068642D /* Sources */ = {
			isa = PBXSourcesBuildPhase;
			buildActionMask = 2147483647;
			files = (
				8B3838581DFEBC790068642D /* MenuItem.swift in Sources */,
				8B3838311DFC4EB20068642D /* ViewController.swift in Sources */,
				8B38384F1DFC5B6E0068642D /* MenuViewController.swift in Sources */,
				8B3838551DFDE9980068642D /* Service.swift in Sources */,
				8B38382F1DFC4EB20068642D /* AppDelegate.swift in Sources */,
				8B3838521DFC5ED10068642D /* MenuViewModel.swift in Sources */,
			);
			runOnlyForDeploymentPostprocessing = 0;
		};
		8B38383B1DFC4EB20068642D /* Sources */ = {
			isa = PBXSourcesBuildPhase;
			buildActionMask = 2147483647;
			files = (
				8B3838531DFC5ED10068642D /* MenuViewModel.swift in Sources */,
				8BF3D3D21DFF06F60077CB29 /* MenuItemTests.swift in Sources */,
				8B3838561DFDE9980068642D /* Service.swift in Sources */,
				8B3838591DFEBC790068642D /* MenuItem.swift in Sources */,
				8B3838501DFC5B6E0068642D /* MenuViewController.swift in Sources */,
				8BF64FB11DFF23F00036E282 /* ServiceTests.swift in Sources */,
				8BF64FB01DFF23F00036E282 /* MenuViewModelTests.swift in Sources */,
			);
			runOnlyForDeploymentPostprocessing = 0;
		};
/* End PBXSourcesBuildPhase section */

/* Begin PBXTargetDependency section */
		8B3838411DFC4EB20068642D /* PBXTargetDependency */ = {
			isa = PBXTargetDependency;
			target = 8B38382A1DFC4EB20068642D /* OttoCodingChallenge */;
			targetProxy = 8B3838401DFC4EB20068642D /* PBXContainerItemProxy */;
		};
/* End PBXTargetDependency section */

/* Begin PBXVariantGroup section */
		8B3838321DFC4EB20068642D /* Main.storyboard */ = {
			isa = PBXVariantGroup;
			children = (
				8B3838331DFC4EB20068642D /* Base */,
			);
			name = Main.storyboard;
			sourceTree = "<group>";
		};
		8B3838371DFC4EB20068642D /* LaunchScreen.storyboard */ = {
			isa = PBXVariantGroup;
			children = (
				8B3838381DFC4EB20068642D /* Base */,
			);
			name = LaunchScreen.storyboard;
			sourceTree = "<group>";
		};
/* End PBXVariantGroup section */

/* Begin XCBuildConfiguration section */
		8B3838461DFC4EB20068642D /* Debug */ = {
			isa = XCBuildConfiguration;
			buildSettings = {
				ALWAYS_SEARCH_USER_PATHS = NO;
				CLANG_ANALYZER_NONNULL = YES;
				CLANG_CXX_LANGUAGE_STANDARD = "gnu++0x";
				CLANG_CXX_LIBRARY = "libc++";
				CLANG_ENABLE_MODULES = YES;
				CLANG_ENABLE_OBJC_ARC = YES;
				CLANG_WARN_BOOL_CONVERSION = YES;
				CLANG_WARN_CONSTANT_CONVERSION = YES;
				CLANG_WARN_DIRECT_OBJC_ISA_USAGE = YES_ERROR;
				CLANG_WARN_DOCUMENTATION_COMMENTS = YES;
				CLANG_WARN_EMPTY_BODY = YES;
				CLANG_WARN_ENUM_CONVERSION = YES;
				CLANG_WARN_INFINITE_RECURSION = YES;
				CLANG_WARN_INT_CONVERSION = YES;
				CLANG_WARN_OBJC_ROOT_CLASS = YES_ERROR;
				CLANG_WARN_SUSPICIOUS_MOVES = YES;
				CLANG_WARN_UNREACHABLE_CODE = YES;
				CLANG_WARN__DUPLICATE_METHOD_MATCH = YES;
				"CODE_SIGN_IDENTITY[sdk=iphoneos*]" = "iPhone Developer";
				COPY_PHASE_STRIP = NO;
				DEBUG_INFORMATION_FORMAT = dwarf;
				ENABLE_STRICT_OBJC_MSGSEND = YES;
				ENABLE_TESTABILITY = YES;
				GCC_C_LANGUAGE_STANDARD = gnu99;
				GCC_DYNAMIC_NO_PIC = NO;
				GCC_NO_COMMON_BLOCKS = YES;
				GCC_OPTIMIZATION_LEVEL = 0;
				GCC_PREPROCESSOR_DEFINITIONS = (
					"DEBUG=1",
					"$(inherited)",
				);
				GCC_WARN_64_TO_32_BIT_CONVERSION = YES;
				GCC_WARN_ABOUT_RETURN_TYPE = YES_ERROR;
				GCC_WARN_UNDECLARED_SELECTOR = YES;
				GCC_WARN_UNINITIALIZED_AUTOS = YES_AGGRESSIVE;
				GCC_WARN_UNUSED_FUNCTION = YES;
				GCC_WARN_UNUSED_VARIABLE = YES;
				IPHONEOS_DEPLOYMENT_TARGET = 10.1;
				MTL_ENABLE_DEBUG_INFO = YES;
				ONLY_ACTIVE_ARCH = YES;
				SDKROOT = iphoneos;
				SWIFT_ACTIVE_COMPILATION_CONDITIONS = DEBUG;
				SWIFT_OPTIMIZATION_LEVEL = "-Onone";
				TARGETED_DEVICE_FAMILY = "1,2";
			};
			name = Debug;
		};
		8B3838471DFC4EB20068642D /* Release */ = {
			isa = XCBuildConfiguration;
			buildSettings = {
				ALWAYS_SEARCH_USER_PATHS = NO;
				CLANG_ANALYZER_NONNULL = YES;
				CLANG_CXX_LANGUAGE_STANDARD = "gnu++0x";
				CLANG_CXX_LIBRARY = "libc++";
				CLANG_ENABLE_MODULES = YES;
				CLANG_ENABLE_OBJC_ARC = YES;
				CLANG_WARN_BOOL_CONVERSION = YES;
				CLANG_WARN_CONSTANT_CONVERSION = YES;
				CLANG_WARN_DIRECT_OBJC_ISA_USAGE = YES_ERROR;
				CLANG_WARN_DOCUMENTATION_COMMENTS = YES;
				CLANG_WARN_EMPTY_BODY = YES;
				CLANG_WARN_ENUM_CONVERSION = YES;
				CLANG_WARN_INFINITE_RECURSION = YES;
				CLANG_WARN_INT_CONVERSION = YES;
				CLANG_WARN_OBJC_ROOT_CLASS = YES_ERROR;
				CLANG_WARN_SUSPICIOUS_MOVES = YES;
				CLANG_WARN_UNREACHABLE_CODE = YES;
				CLANG_WARN__DUPLICATE_METHOD_MATCH = YES;
				"CODE_SIGN_IDENTITY[sdk=iphoneos*]" = "iPhone Developer";
				COPY_PHASE_STRIP = NO;
				DEBUG_INFORMATION_FORMAT = "dwarf-with-dsym";
				ENABLE_NS_ASSERTIONS = NO;
				ENABLE_STRICT_OBJC_MSGSEND = YES;
				GCC_C_LANGUAGE_STANDARD = gnu99;
				GCC_NO_COMMON_BLOCKS = YES;
				GCC_WARN_64_TO_32_BIT_CONVERSION = YES;
				GCC_WARN_ABOUT_RETURN_TYPE = YES_ERROR;
				GCC_WARN_UNDECLARED_SELECTOR = YES;
				GCC_WARN_UNINITIALIZED_AUTOS = YES_AGGRESSIVE;
				GCC_WARN_UNUSED_FUNCTION = YES;
				GCC_WARN_UNUSED_VARIABLE = YES;
				IPHONEOS_DEPLOYMENT_TARGET = 10.1;
				MTL_ENABLE_DEBUG_INFO = NO;
				SDKROOT = iphoneos;
				SWIFT_OPTIMIZATION_LEVEL = "-Owholemodule";
				TARGETED_DEVICE_FAMILY = "1,2";
				VALIDATE_PRODUCT = YES;
			};
			name = Release;
		};
		8B3838491DFC4EB20068642D /* Debug */ = {
			isa = XCBuildConfiguration;
			buildSettings = {
				ASSETCATALOG_COMPILER_APPICON_NAME = AppIcon;
				"CODE_SIGN_IDENTITY[sdk=iphoneos*]" = "iPhone Developer";
				DEVELOPMENT_TEAM = BJA7SA672K;
				INFOPLIST_FILE = OttoCodingChallenge/Info.plist;
				IPHONEOS_DEPLOYMENT_TARGET = 9.0;
				LD_RUNPATH_SEARCH_PATHS = "$(inherited) @executable_path/Frameworks";
				PRODUCT_BUNDLE_IDENTIFIER = de.effzehn.OttoCodingChallenge;
				PRODUCT_NAME = "$(TARGET_NAME)";
				SWIFT_VERSION = 3.0;
			};
			name = Debug;
		};
		8B38384A1DFC4EB20068642D /* Release */ = {
			isa = XCBuildConfiguration;
			buildSettings = {
				ASSETCATALOG_COMPILER_APPICON_NAME = AppIcon;
				"CODE_SIGN_IDENTITY[sdk=iphoneos*]" = "iPhone Developer";
				DEVELOPMENT_TEAM = BJA7SA672K;
				INFOPLIST_FILE = OttoCodingChallenge/Info.plist;
				IPHONEOS_DEPLOYMENT_TARGET = 9.0;
				LD_RUNPATH_SEARCH_PATHS = "$(inherited) @executable_path/Frameworks";
				PRODUCT_BUNDLE_IDENTIFIER = de.effzehn.OttoCodingChallenge;
				PRODUCT_NAME = "$(TARGET_NAME)";
				SWIFT_VERSION = 3.0;
			};
			name = Release;
		};
		8B38384C1DFC4EB20068642D /* Debug */ = {
			isa = XCBuildConfiguration;
			buildSettings = {
				ALWAYS_EMBED_SWIFT_STANDARD_LIBRARIES = YES;
				BUNDLE_LOADER = "$(TEST_HOST)";
				DEVELOPMENT_TEAM = BJA7SA672K;
				INFOPLIST_FILE = OttoCodingChallengeTests/Info.plist;
				LD_RUNPATH_SEARCH_PATHS = "$(inherited) @executable_path/Frameworks @loader_path/Frameworks";
				PRODUCT_BUNDLE_IDENTIFIER = de.effzehn.OttoCodingChallengeTests;
				PRODUCT_NAME = "$(TARGET_NAME)";
				SWIFT_VERSION = 3.0;
				TEST_HOST = "$(BUILT_PRODUCTS_DIR)/OttoCodingChallenge.app/OttoCodingChallenge";
			};
			name = Debug;
		};
		8B38384D1DFC4EB20068642D /* Release */ = {
			isa = XCBuildConfiguration;
			buildSettings = {
				ALWAYS_EMBED_SWIFT_STANDARD_LIBRARIES = YES;
				BUNDLE_LOADER = "$(TEST_HOST)";
				DEVELOPMENT_TEAM = BJA7SA672K;
				INFOPLIST_FILE = OttoCodingChallengeTests/Info.plist;
				LD_RUNPATH_SEARCH_PATHS = "$(inherited) @executable_path/Frameworks @loader_path/Frameworks";
				PRODUCT_BUNDLE_IDENTIFIER = de.effzehn.OttoCodingChallengeTests;
				PRODUCT_NAME = "$(TARGET_NAME)";
				SWIFT_VERSION = 3.0;
				TEST_HOST = "$(BUILT_PRODUCTS_DIR)/OttoCodingChallenge.app/OttoCodingChallenge";
			};
			name = Release;
		};
/* End XCBuildConfiguration section */

/* Begin XCConfigurationList section */
		8B3838261DFC4EB20068642D /* Build configuration list for PBXProject "OttoCodingChallenge" */ = {
			isa = XCConfigurationList;
			buildConfigurations = (
				8B3838461DFC4EB20068642D /* Debug */,
				8B3838471DFC4EB20068642D /* Release */,
			);
			defaultConfigurationIsVisible = 0;
			defaultConfigurationName = Release;
		};
		8B3838481DFC4EB20068642D /* Build configuration list for PBXNativeTarget "OttoCodingChallenge" */ = {
			isa = XCConfigurationList;
			buildConfigurations = (
				8B3838491DFC4EB20068642D /* Debug */,
				8B38384A1DFC4EB20068642D /* Release */,
			);
			defaultConfigurationIsVisible = 0;
			defaultConfigurationName = Release;
		};
		8B38384B1DFC4EB20068642D /* Build configuration list for PBXNativeTarget "OttoCodingChallengeTests" */ = {
			isa = XCConfigurationList;
			buildConfigurations = (
				8B38384C1DFC4EB20068642D /* Debug */,
				8B38384D1DFC4EB20068642D /* Release */,
			);
			defaultConfigurationIsVisible = 0;
			defaultConfigurationName = Release;
		};
/* End XCConfigurationList section */
	};
	rootObject = 8B3838231DFC4EB20068642D /* Project object */;
}
